
Microsoft Visual Studio Solution File, Format Version 12.00
# Visual Studio Version 16
VisualStudioVersion = 16.0.37301.9
MinimumVisualStudioVersion = 10.0.40219.1
Project("{888888A0-9F3D-457C-B088-3A5042F75D52}") = "UserApplicationAccess", "UserApplicationAccess.pyproj", "{EEC44004-49F3-4EBF-8BAB-A3D2DFAB5E73}"
EndProject
Global
	GlobalSection(SolutionConfigurationPlatforms) = preSolution
		Debug|Any CPU = Debug|Any CPU
		Release|Any CPU = Release|Any CPU
	EndGlobalSection
	GlobalSection(ProjectConfigurationPlatforms) = postSolution
		{EEC44004-49F3-4EBF-8BAB-A3D2DFAB5E73}.Debug|Any CPU.ActiveCfg = Debug|Any CPU
		{EEC44004-49F3-4EBF-8BAB-A3D2DFAB5E73}.Release|Any CPU.ActiveCfg = Release|Any CPU
	EndGlobalSection
	GlobalSection(SolutionProperties) = preSolution
		HideSolutionNode = FALSE
	EndGlobalSection
	GlobalSection(ExtensibilityGlobals) = postSolution
		SolutionGuid = {4B62C487-7B5C-4072-8380-97F85F4EEBF4}
	EndGlobalSection
EndGlobal
